
Microsoft Visual Studio Solution File, Format Version 12.00
# Visual Studio Version 17
VisualStudioVersion = 17.5.33627.172
MinimumVisualStudioVersion = 10.0.40219.1
Project("{FAE04EC0-301F-11D3-BF4B-00C04F79EFBC}") = "insercionsort", "insercionsort\insercionsort.csproj", "{7E754B94-B183-4A3E-88CF-EA674E265A93}"
EndProject
Global
	GlobalSection(SolutionConfigurationPlatforms) = preSolution
		Debug|Any CPU = Debug|Any CPU
		Release|Any CPU = Release|Any CPU
	EndGlobalSection
	GlobalSection(ProjectConfigurationPlatforms) = postSolution
		{7E754B94-B183-4A3E-88CF-EA674E265A93}.Debug|Any CPU.ActiveCfg = Debug|Any CPU
		{7E754B94-B183-4A3E-88CF-EA674E265A93}.Debug|Any CPU.Build.0 = Debug|Any CPU
		{7E754B94-B183-4A3E-88CF-EA674E265A93}.Release|Any CPU.ActiveCfg = Release|Any CPU
		{7E754B94-B183-4A3E-88CF-EA674E265A93}.Release|Any CPU.Build.0 = Release|Any CPU
	EndGlobalSection
	GlobalSection(SolutionProperties) = preSolution
		HideSolutionNode = FALSE
	EndGlobalSection
	GlobalSection(ExtensibilityGlobals) = postSolution
		SolutionGuid = {B4BC08C7-4E60-41C5-994D-6ABBA3961B9E}
	EndGlobalSection
EndGlobal
